
Microsoft Visual Studio Solution File, Format Version 12.00
# Visual Studio Version 17
VisualStudioVersion = 17.13.35913.81 d17.13
MinimumVisualStudioVersion = 10.0.40219.1
Project("{FAE04EC0-301F-11D3-BF4B-00C04F79EFBC}") = "WikiSearchTest", "WikiSearchTest\WikiSearchTest.csproj", "{7E962B98-9EF8-48A5-A9A3-DDAB61808C41}"
EndProject
Global
	GlobalSection(SolutionConfigurationPlatforms) = preSolution
		Debug|Any CPU = Debug|Any CPU
		Release|Any CPU = Release|Any CPU
	EndGlobalSection
	GlobalSection(ProjectConfigurationPlatforms) = postSolution
		{7E962B98-9EF8-48A5-A9A3-DDAB61808C41}.Debug|Any CPU.ActiveCfg = Debug|Any CPU
		{7E962B98-9EF8-48A5-A9A3-DDAB61808C41}.Debug|Any CPU.Build.0 = Debug|Any CPU
		{7E962B98-9EF8-48A5-A9A3-DDAB61808C41}.Release|Any CPU.ActiveCfg = Release|Any CPU
		{7E962B98-9EF8-48A5-A9A3-DDAB61808C41}.Release|Any CPU.Build.0 = Release|Any CPU
	EndGlobalSection
	GlobalSection(SolutionProperties) = preSolution
		HideSolutionNode = FALSE
	EndGlobalSection
	GlobalSection(ExtensibilityGlobals) = postSolution
		SolutionGuid = {3C301F48-C125-4497-94C3-DEFD2944F1C5}
	EndGlobalSection
EndGlobal
